# This file is automatically @generated by Cargo.
# It is not intended for manual editing.
version = 3

[[package]]
name = "adler"
version = "1.0.2"
source = "registry+https://github.com/rust-lang/crates.io-index"
checksum = "f26201604c87b1e01bd3d98f8d5d9a8fcbb815e8cedb41ffccbeb4bf593a35fe"

[[package]]
name = "aho-corasick"
version = "1.0.2"
source = "registry+https://github.com/rust-lang/crates.io-index"
checksum = "43f6cb1bf222025340178f382c426f13757b2960e89779dfcb319c32542a5a41"
dependencies = [
 "memchr",
]

[[package]]
name = "ansi_term"
version = "0.12.1"
source = "registry+https://github.com/rust-lang/crates.io-index"
checksum = "d52a9bb7ec0cf484c551830a7ce27bd20d67eac647e1befb56b0be4ee39a55d2"
dependencies = [
 "winapi 0.3.9",
]

[[package]]
name = "anyhow"
version = "1.0.72"
source = "registry+https://github.com/rust-lang/crates.io-index"
checksum = "3b13c32d80ecc7ab747b80c3784bce54ee8a7a0cc4fbda9bf4cda2cf6fe90854"

[[package]]
name = "argh"
version = "0.1.10"
source = "registry+https://github.com/rust-lang/crates.io-index"
checksum = "ab257697eb9496bf75526f0217b5ed64636a9cfafa78b8365c71bd283fcef93e"
dependencies = [
 "argh_derive",
 "argh_shared",
]

[[package]]
name = "argh_derive"
version = "0.1.10"
source = "registry+https://github.com/rust-lang/crates.io-index"
checksum = "b382dbd3288e053331f03399e1db106c9fb0d8562ad62cb04859ae926f324fa6"
dependencies = [
 "argh_shared",
 "proc-macro2",
 "quote",
 "syn 1.0.109",
]

[[package]]
name = "argh_shared"
version = "0.1.10"
source = "registry+https://github.com/rust-lang/crates.io-index"
checksum = "64cb94155d965e3d37ffbbe7cc5b82c3dd79dd33bd48e536f73d2cfb8d85506f"

[[package]]
name = "ascii_table"
version = "4.0.2"
source = "registry+https://github.com/rust-lang/crates.io-index"
checksum = "75054ce561491263d7b80dc2f6f6c6f8cdfd0c7a7c17c5cf3b8117829fa72ae1"

[[package]]
name = "atty"
version = "0.2.14"
source = "registry+https://github.com/rust-lang/crates.io-index"
checksum = "d9b39be18770d11421cdb1b9947a45dd3f37e93092cbf377614828a319d5fee8"
dependencies = [
 "hermit-abi",
 "libc",
 "winapi 0.3.9",
]

[[package]]
name = "autocfg"
version = "1.1.0"
source = "registry+https://github.com/rust-lang/crates.io-index"
checksum = "d468802bab17cbc0cc575e9b053f41e72aa36bfa6b7f55e3529ffa43161b97fa"

[[package]]
name = "bitflags"
version = "1.3.2"
source = "registry+https://github.com/rust-lang/crates.io-index"
checksum = "bef38d45163c2f1dde094a7dfd33ccf595c92905c8f8f4fdc18d06fb1037718a"

[[package]]
name = "bstr"
version = "1.6.0"
source = "registry+https://github.com/rust-lang/crates.io-index"
checksum = "6798148dccfbff0fae41c7574d2fa8f1ef3492fba0face179de5d8d447d67b05"
dependencies = [
 "memchr",
 "serde",
]

[[package]]
name = "byte-unit"
version = "4.0.19"
source = "registry+https://github.com/rust-lang/crates.io-index"
checksum = "da78b32057b8fdfc352504708feeba7216dcd65a2c9ab02978cbd288d1279b6c"
dependencies = [
 "serde",
 "utf8-width",
]

[[package]]
name = "byteorder"
version = "1.4.3"
source = "registry+https://github.com/rust-lang/crates.io-index"
checksum = "14c189c53d098945499cdfa7ecc63567cf3886b3332b312a5b4585d8d3a6a610"

[[package]]
name = "bytesize"
version = "1.2.0"
source = "registry+https://github.com/rust-lang/crates.io-index"
checksum = "38fcc2979eff34a4b84e1cf9a1e3da42a7d44b3b690a40cdcb23e3d556cfb2e5"

[[package]]
name = "cargo-diet"
version = "1.2.6"
dependencies = [
 "ansi_term",
 "anyhow",
 "argh",
 "ascii_table",
 "atty",
 "byte-unit",
 "bytesize",
 "criner-waste-report",
 "difference",
 "flate2",
 "locate-cargo-manifest",
 "quick-error",
 "rmp-serde",
 "tar",
 "termsize",
 "toml_edit",
]

[[package]]
name = "cfg-if"
version = "1.0.0"
source = "registry+https://github.com/rust-lang/crates.io-index"
checksum = "baf1de4339761588bc0619e3cbc0120ee582ebb74b53b4efbf79117bd2da40fd"

[[package]]
name = "crc32fast"
version = "1.3.2"
source = "registry+https://github.com/rust-lang/crates.io-index"
checksum = "b540bd8bc810d3885c6ea91e2018302f68baba2129ab3e88f32389ee9370880d"
dependencies = [
 "cfg-if",
]

[[package]]
name = "criner-waste-report"
version = "0.1.5"
source = "registry+https://github.com/rust-lang/crates.io-index"
checksum = "1d38702ccbab974b0b8dca65f7b8d607ce17f46318fc66252a175813568c6c10"
dependencies = [
 "globset",
 "lazy_static",
 "regex",
 "serde",
 "serde_derive",
 "toml",
]

[[package]]
name = "difference"
version = "2.0.0"
source = "registry+https://github.com/rust-lang/crates.io-index"
checksum = "524cbf6897b527295dff137cec09ecf3a05f4fddffd7dfcd1585403449e74198"

[[package]]
name = "equivalent"
version = "1.0.1"
source = "registry+https://github.com/rust-lang/crates.io-index"
checksum = "5443807d6dff69373d433ab9ef5378ad8df50ca6298caf15de6e52e24aaf54d5"

[[package]]
name = "filetime"
version = "0.2.21"
source = "registry+https://github.com/rust-lang/crates.io-index"
checksum = "5cbc844cecaee9d4443931972e1289c8ff485cb4cc2767cb03ca139ed6885153"
dependencies = [
 "cfg-if",
 "libc",
 "redox_syscall",
 "windows-sys",
]

[[package]]
name = "flate2"
version = "1.0.26"
source = "registry+https://github.com/rust-lang/crates.io-index"
checksum = "3b9429470923de8e8cbd4d2dc513535400b4b3fef0319fb5c4e1f520a7bef743"
dependencies = [
 "crc32fast",
 "miniz_oxide",
]

[[package]]
name = "fnv"
version = "1.0.7"
source = "registry+https://github.com/rust-lang/crates.io-index"
checksum = "3f9eec918d3f24069decb9af1554cad7c880e2da24a9afd88aca000531ab82c1"

[[package]]
name = "globset"
version = "0.4.11"
source = "registry+https://github.com/rust-lang/crates.io-index"
checksum = "1391ab1f92ffcc08911957149833e682aa3fe252b9f45f966d2ef972274c97df"
dependencies = [
 "aho-corasick",
 "bstr",
 "fnv",
 "log",
 "regex",
]

[[package]]
name = "hashbrown"
version = "0.14.0"
source = "registry+https://github.com/rust-lang/crates.io-index"
checksum = "2c6201b9ff9fd90a5a3bac2e56a830d0caa509576f0e503818ee82c181b3437a"

[[package]]
name = "hermit-abi"
version = "0.1.19"
source = "registry+https://github.com/rust-lang/crates.io-index"
checksum = "62b467343b94ba476dcb2500d242dadbb39557df889310ac77c5d99100aaac33"
dependencies = [
 "libc",
]

[[package]]
name = "indexmap"
version = "2.0.0"
source = "registry+https://github.com/rust-lang/crates.io-index"
checksum = "d5477fe2230a79769d8dc68e0eabf5437907c0457a5614a9e8dddb67f65eb65d"
dependencies = [
 "equivalent",
 "hashbrown",
]

[[package]]
name = "json"
version = "0.12.4"
source = "registry+https://github.com/rust-lang/crates.io-index"
checksum = "078e285eafdfb6c4b434e0d31e8cfcb5115b651496faca5749b88fafd4f23bfd"

[[package]]
name = "kernel32-sys"
version = "0.2.2"
source = "registry+https://github.com/rust-lang/crates.io-index"
checksum = "7507624b29483431c0ba2d82aece8ca6cdba9382bff4ddd0f7490560c056098d"
dependencies = [
 "winapi 0.2.8",
 "winapi-build",
]

[[package]]
name = "lazy_static"
version = "1.4.0"
source = "registry+https://github.com/rust-lang/crates.io-index"
checksum = "e2abad23fbc42b3700f2f279844dc832adb2b2eb069b2df918f455c4e18cc646"

[[package]]
name = "libc"
version = "0.2.147"
source = "registry+https://github.com/rust-lang/crates.io-index"
checksum = "b4668fb0ea861c1df094127ac5f1da3409a82116a4ba74fca2e58ef927159bb3"

[[package]]
name = "locate-cargo-manifest"
version = "0.2.2"
source = "registry+https://github.com/rust-lang/crates.io-index"
checksum = "db985b63431fe09e8d71f50aeceffcc31e720cb86be8dad2f38d084c5a328466"
dependencies = [
 "json",
]

[[package]]
name = "log"
version = "0.4.19"
source = "registry+https://github.com/rust-lang/crates.io-index"
checksum = "b06a4cde4c0f271a446782e3eff8de789548ce57dbc8eca9292c27f4a42004b4"

[[package]]
name = "memchr"
version = "2.5.0"
source = "registry+https://github.com/rust-lang/crates.io-index"
checksum = "2dffe52ecf27772e601905b7522cb4ef790d2cc203488bbd0e2fe85fcb74566d"

[[package]]
name = "miniz_oxide"
version = "0.7.1"
source = "registry+https://github.com/rust-lang/crates.io-index"
checksum = "e7810e0be55b428ada41041c41f32c9f1a42817901b4ccf45fa3d4b6561e74c7"
dependencies = [
 "adler",
]

[[package]]
name = "num-traits"
version = "0.2.16"
source = "registry+https://github.com/rust-lang/crates.io-index"
checksum = "f30b0abd723be7e2ffca1272140fac1a2f084c77ec3e123c192b66af1ee9e6c2"
dependencies = [
 "autocfg",
]

[[package]]
name = "numtoa"
version = "0.1.0"
source = "registry+https://github.com/rust-lang/crates.io-index"
checksum = "b8f8bdf33df195859076e54ab11ee78a1b208382d3a26ec40d142ffc1ecc49ef"

[[package]]
name = "paste"
version = "1.0.14"
source = "registry+https://github.com/rust-lang/crates.io-index"
checksum = "de3145af08024dea9fa9914f381a17b8fc6034dfb00f3a84013f7ff43f29ed4c"

[[package]]
name = "proc-macro2"
version = "1.0.66"
source = "registry+https://github.com/rust-lang/crates.io-index"
checksum = "18fb31db3f9bddb2ea821cde30a9f70117e3f119938b5ee630b7403aa6e2ead9"
dependencies = [
 "unicode-ident",
]

[[package]]
name = "quick-error"
version = "2.0.1"
source = "registry+https://github.com/rust-lang/crates.io-index"
checksum = "a993555f31e5a609f617c12db6250dedcac1b0a85076912c436e6fc9b2c8e6a3"

[[package]]
name = "quote"
version = "1.0.32"
source = "registry+https://github.com/rust-lang/crates.io-index"
checksum = "50f3b39ccfb720540debaa0164757101c08ecb8d326b15358ce76a62c7e85965"
dependencies = [
 "proc-macro2",
]

[[package]]
name = "redox_syscall"
version = "0.2.16"
source = "registry+https://github.com/rust-lang/crates.io-index"
checksum = "fb5a58c1855b4b6819d59012155603f0b22ad30cad752600aadfcb695265519a"
dependencies = [
 "bitflags",
]

[[package]]
name = "redox_termios"
version = "0.1.2"
source = "registry+https://github.com/rust-lang/crates.io-index"
checksum = "8440d8acb4fd3d277125b4bd01a6f38aee8d814b3b5fc09b3f2b825d37d3fe8f"
dependencies = [
 "redox_syscall",
]

[[package]]
name = "regex"
version = "1.9.1"
source = "registry+https://github.com/rust-lang/crates.io-index"
checksum = "b2eae68fc220f7cf2532e4494aded17545fce192d59cd996e0fe7887f4ceb575"
dependencies = [
 "aho-corasick",
 "memchr",
 "regex-automata",
 "regex-syntax",
]

[[package]]
name = "regex-automata"
version = "0.3.3"
source = "registry+https://github.com/rust-lang/crates.io-index"
checksum = "39354c10dd07468c2e73926b23bb9c2caca74c5501e38a35da70406f1d923310"
dependencies = [
 "aho-corasick",
 "memchr",
 "regex-syntax",
]

[[package]]
name = "regex-syntax"
version = "0.7.4"
source = "registry+https://github.com/rust-lang/crates.io-index"
checksum = "e5ea92a5b6195c6ef2a0295ea818b312502c6fc94dde986c5553242e18fd4ce2"

[[package]]
name = "rmp"
version = "0.8.12"
source = "registry+https://github.com/rust-lang/crates.io-index"
checksum = "7f9860a6cc38ed1da53456442089b4dfa35e7cedaa326df63017af88385e6b20"
dependencies = [
 "byteorder",
 "num-traits",
 "paste",
]

[[package]]
name = "rmp-serde"
version = "1.1.2"
source = "registry+https://github.com/rust-lang/crates.io-index"
checksum = "bffea85eea980d8a74453e5d02a8d93028f3c34725de143085a844ebe953258a"
dependencies = [
 "byteorder",
 "rmp",
 "serde",
]

[[package]]
name = "serde"
version = "1.0.175"
source = "registry+https://github.com/rust-lang/crates.io-index"
checksum = "5d25439cd7397d044e2748a6fe2432b5e85db703d6d097bd014b3c0ad1ebff0b"

[[package]]
name = "serde_derive"
version = "1.0.175"
source = "registry+https://github.com/rust-lang/crates.io-index"
checksum = "b23f7ade6f110613c0d63858ddb8b94c1041f550eab58a16b371bdf2c9c80ab4"
dependencies = [
 "proc-macro2",
 "quote",
 "syn 2.0.27",
]

[[package]]
name = "serde_spanned"
version = "0.6.3"
source = "registry+https://github.com/rust-lang/crates.io-index"
checksum = "96426c9936fd7a0124915f9185ea1d20aa9445cc9821142f0a73bc9207a2e186"
dependencies = [
 "serde",
]

[[package]]
name = "syn"
version = "1.0.109"
source = "registry+https://github.com/rust-lang/crates.io-index"
checksum = "72b64191b275b66ffe2469e8af2c1cfe3bafa67b529ead792a6d0160888b4237"
dependencies = [
 "proc-macro2",
 "quote",
 "unicode-ident",
]

[[package]]
name = "syn"
version = "2.0.27"
source = "registry+https://github.com/rust-lang/crates.io-index"
checksum = "b60f673f44a8255b9c8c657daf66a596d435f2da81a555b06dc644d080ba45e0"
dependencies = [
 "proc-macro2",
 "quote",
 "unicode-ident",
]

[[package]]
name = "tar"
version = "0.4.39"
source = "registry+https://github.com/rust-lang/crates.io-index"
checksum = "ec96d2ffad078296368d46ff1cb309be1c23c513b4ab0e22a45de0185275ac96"
dependencies = [
 "filetime",
 "libc",
 "xattr",
]

[[package]]
name = "termion"
version = "1.5.6"
source = "registry+https://github.com/rust-lang/crates.io-index"
checksum = "077185e2eac69c3f8379a4298e1e07cd36beb962290d4a51199acf0fdc10607e"
dependencies = [
 "libc",
 "numtoa",
 "redox_syscall",
 "redox_termios",
]

[[package]]
name = "termsize"
version = "0.1.6"
source = "registry+https://github.com/rust-lang/crates.io-index"
checksum = "5e86d824a8e90f342ad3ef4bd51ef7119a9b681b0cc9f8ee7b2852f02ccd2517"
dependencies = [
 "atty",
 "kernel32-sys",
 "libc",
 "termion",
 "winapi 0.2.8",
]

[[package]]
name = "toml"
version = "0.7.6"
source = "registry+https://github.com/rust-lang/crates.io-index"
checksum = "c17e963a819c331dcacd7ab957d80bc2b9a9c1e71c804826d2f283dd65306542"
dependencies = [
 "serde",
 "serde_spanned",
 "toml_datetime",
 "toml_edit",
]

[[package]]
name = "toml_datetime"
version = "0.6.3"
source = "registry+https://github.com/rust-lang/crates.io-index"
checksum = "7cda73e2f1397b1262d6dfdcef8aafae14d1de7748d66822d3bfeeb6d03e5e4b"
dependencies = [
 "serde",
]

[[package]]
name = "toml_edit"
version = "0.19.14"
source = "registry+https://github.com/rust-lang/crates.io-index"
checksum = "f8123f27e969974a3dfba720fdb560be359f57b44302d280ba72e76a74480e8a"
dependencies = [
 "indexmap",
 "serde",
 "serde_spanned",
 "toml_datetime",
 "winnow",
]

[[package]]
name = "unicode-ident"
version = "1.0.11"
source = "registry+https://github.com/rust-lang/crates.io-index"
checksum = "301abaae475aa91687eb82514b328ab47a211a533026cb25fc3e519b86adfc3c"

[[package]]
name = "utf8-width"
version = "0.1.6"
source = "registry+https://github.com/rust-lang/crates.io-index"
checksum = "5190c9442dcdaf0ddd50f37420417d219ae5261bbf5db120d0f9bab996c9cba1"

[[package]]
name = "winapi"
version = "0.2.8"
source = "registry+https://github.com/rust-lang/crates.io-index"
checksum = "167dc9d6949a9b857f3451275e911c3f44255842c1f7a76f33c55103a909087a"

[[package]]
name = "winapi"
version = "0.3.9"
source = "registry+https://github.com/rust-lang/crates.io-index"
checksum = "5c839a674fcd7a98952e593242ea400abe93992746761e38641405d28b00f419"
dependencies = [
 "winapi-i686-pc-windows-gnu",
 "winapi-x86_64-pc-windows-gnu",
]

[[package]]
name = "winapi-build"
version = "0.1.1"
source = "registry+https://github.com/rust-lang/crates.io-index"
checksum = "2d315eee3b34aca4797b2da6b13ed88266e6d612562a0c46390af8299fc699bc"

[[package]]
name = "winapi-i686-pc-windows-gnu"
version = "0.4.0"
source = "registry+https://github.com/rust-lang/crates.io-index"
checksum = "ac3b87c63620426dd9b991e5ce0329eff545bccbbb34f3be09ff6fb6ab51b7b6"

[[package]]
name = "winapi-x86_64-pc-windows-gnu"
version = "0.4.0"
source = "registry+https://github.com/rust-lang/crates.io-index"
checksum = "712e227841d057c1ee1cd2fb22fa7e5a5461ae8e48fa2ca79ec42cfc1931183f"

[[package]]
name = "windows-sys"
version = "0.48.0"
source = "registry+https://github.com/rust-lang/crates.io-index"
checksum = "677d2418bec65e3338edb076e806bc1ec15693c5d0104683f2efe857f61056a9"
dependencies = [
 "windows-targets",
]

[[package]]
name = "windows-targets"
version = "0.48.1"
source = "registry+https://github.com/rust-lang/crates.io-index"
checksum = "05d4b17490f70499f20b9e791dcf6a299785ce8af4d709018206dc5b4953e95f"
dependencies = [
 "windows_aarch64_gnullvm",
 "windows_aarch64_msvc",
 "windows_i686_gnu",
 "windows_i686_msvc",
 "windows_x86_64_gnu",
 "windows_x86_64_gnullvm",
 "windows_x86_64_msvc",
]

[[package]]
name = "windows_aarch64_gnullvm"
version = "0.48.0"
source = "registry+https://github.com/rust-lang/crates.io-index"
checksum = "91ae572e1b79dba883e0d315474df7305d12f569b400fcf90581b06062f7e1bc"

[[package]]
name = "windows_aarch64_msvc"
version = "0.48.0"
source = "registry+https://github.com/rust-lang/crates.io-index"
checksum = "b2ef27e0d7bdfcfc7b868b317c1d32c641a6fe4629c171b8928c7b08d98d7cf3"

[[package]]
name = "windows_i686_gnu"
version = "0.48.0"
source = "registry+https://github.com/rust-lang/crates.io-index"
checksum = "622a1962a7db830d6fd0a69683c80a18fda201879f0f447f065a3b7467daa241"

[[package]]
name = "windows_i686_msvc"
version = "0.48.0"
source = "registry+https://github.com/rust-lang/crates.io-index"
checksum = "4542c6e364ce21bf45d69fdd2a8e455fa38d316158cfd43b3ac1c5b1b19f8e00"

[[package]]
name = "windows_x86_64_gnu"
version = "0.48.0"
source = "registry+https://github.com/rust-lang/crates.io-index"
checksum = "ca2b8a661f7628cbd23440e50b05d705db3686f894fc9580820623656af974b1"

[[package]]
name = "windows_x86_64_gnullvm"
version = "0.48.0"
source = "registry+https://github.com/rust-lang/crates.io-index"
checksum = "7896dbc1f41e08872e9d5e8f8baa8fdd2677f29468c4e156210174edc7f7b953"

[[package]]
name = "windows_x86_64_msvc"
version = "0.48.0"
source = "registry+https://github.com/rust-lang/crates.io-index"
checksum = "1a515f5799fe4961cb532f983ce2b23082366b898e52ffbce459c86f67c8378a"

[[package]]
name = "winnow"
version = "0.5.0"
source = "registry+https://github.com/rust-lang/crates.io-index"
checksum = "81fac9742fd1ad1bd9643b991319f72dd031016d44b77039a26977eb667141e7"
dependencies = [
 "memchr",
]

[[package]]
name = "xattr"
version = "0.2.3"
source = "registry+https://github.com/rust-lang/crates.io-index"
checksum = "6d1526bbe5aaeb5eb06885f4d987bcdfa5e23187055de9b83fe00156a821fabc"
dependencies = [
 "libc",
]
